
Microsoft Visual Studio Solution File, Format Version 12.00
# Visual Studio Version 17
VisualStudioVersion = 17.0.31903.59
MinimumVisualStudioVersion = 10.0.40219.1
Project("{FAE04EC0-301F-11D3-BF4B-00C04F79EFBC}") = "ResQ.Blockchain", "ResQ.Blockchain\ResQ.Blockchain.csproj", "{C656FAD6-156D-4D56-8B75-AD5676412BEC}"
EndProject
Project("{FAE04EC0-301F-11D3-BF4B-00C04F79EFBC}") = "ResQ.Clients.Tests", "ResQ.Clients.Tests\ResQ.Clients.Tests.csproj", "{A51E5371-39CE-4352-8C3D-E23EF15BF5F3}"
EndProject
Project("{FAE04EC0-301F-11D3-BF4B-00C04F79EFBC}") = "ResQ.Clients", "ResQ.Clients\ResQ.Clients.csproj", "{3B9A430A-254D-4DA9-8DB7-5312FB736F91}"
EndProject
Project("{FAE04EC0-301F-11D3-BF4B-00C04F79EFBC}") = "ResQ.Core", "ResQ.Core\ResQ.Core.csproj", "{3C7A44D2-BADE-4D2E-9CBF-66320AC29643}"
EndProject
Project("{FAE04EC0-301F-11D3-BF4B-00C04F79EFBC}") = "ResQ.Protocols", "ResQ.Protocols\ResQ.Protocols.csproj", "{C2558AE2-0C14-4594-81F2-44E0E2480EA1}"
EndProject
Project("{FAE04EC0-301F-11D3-BF4B-00C04F79EFBC}") = "ResQ.Simulation", "ResQ.Simulation\ResQ.Simulation.csproj", "{DF2ECE40-9C9B-4430-94E0-F755580DFD9F}"
EndProject
Project("{FAE04EC0-301F-11D3-BF4B-00C04F79EFBC}") = "ResQ.Storage", "ResQ.Storage\ResQ.Storage.csproj", "{C4BF0785-81BA-4D07-BCAD-5A3F7C00A83C}"
EndProject
Project("{2150E333-8FDC-42A3-9474-1A3956D46DE8}") = "tests", "tests", "{0AB3BF05-4346-4AA6-1389-037BE0695223}"
EndProject
Project("{FAE04EC0-301F-11D3-BF4B-00C04F79EFBC}") = "ResQ.Blockchain.Tests", "tests\ResQ.Blockchain.Tests\ResQ.Blockchain.Tests.csproj", "{6940AA7C-1620-406A-87E4-B01D1DAAC332}"
EndProject
Project("{FAE04EC0-301F-11D3-BF4B-00C04F79EFBC}") = "ResQ.Protocols.Tests", "tests\ResQ.Protocols.Tests\ResQ.Protocols.Tests.csproj", "{D8C64FD7-E233-4F0F-8079-B4C17A9A59B6}"
EndProject
Project("{FAE04EC0-301F-11D3-BF4B-00C04F79EFBC}") = "ResQ.Simulation.Tests", "tests\ResQ.Simulation.Tests\ResQ.Simulation.Tests.csproj", "{A6169F82-4B1A-4279-BD18-A37C64A7B4D9}"
EndProject
Project("{FAE04EC0-301F-11D3-BF4B-00C04F79EFBC}") = "ResQ.Storage.Tests", "tests\ResQ.Storage.Tests\ResQ.Storage.Tests.csproj", "{16FC4736-7085-418A-A95E-662C37A5ED55}"
EndProject
Project("{FAE04EC0-301F-11D3-BF4B-00C04F79EFBC}") = "ResQ.Mavlink", "ResQ.Mavlink\ResQ.Mavlink.csproj", "{05C49A2C-C1ED-4E59-87FD-E42504819A44}"
EndProject
Project("{FAE04EC0-301F-11D3-BF4B-00C04F79EFBC}") = "ResQ.Mavlink.Tests", "tests\ResQ.Mavlink.Tests\ResQ.Mavlink.Tests.csproj", "{5833232C-93DE-4A41-AC31-CC3C711BDAD4}"
EndProject
Global
	GlobalSection(SolutionConfigurationPlatforms) = preSolution
		Debug|Any CPU = Debug|Any CPU
		Debug|x64 = Debug|x64
		Debug|x86 = Debug|x86
		Release|Any CPU = Release|Any CPU
		Release|x64 = Release|x64
		Release|x86 = Release|x86
	EndGlobalSection
	GlobalSection(ProjectConfigurationPlatforms) = postSolution
		{C656FAD6-156D-4D56-8B75-AD5676412BEC}.Debug|Any CPU.ActiveCfg = Debug|Any CPU
		{C656FAD6-156D-4D56-8B75-AD5676412BEC}.Debug|Any CPU.Build.0 = Debug|Any CPU
		{C656FAD6-156D-4D56-8B75-AD5676412BEC}.Debug|x64.ActiveCfg = Debug|Any CPU
		{C656FAD6-156D-4D56-8B75-AD5676412BEC}.Debug|x64.Build.0 = Debug|Any CPU
		{C656FAD6-156D-4D56-8B75-AD5676412BEC}.Debug|x86.ActiveCfg = Debug|Any CPU
		{C656FAD6-156D-4D56-8B75-AD5676412BEC}.Debug|x86.Build.0 = Debug|Any CPU
		{C656FAD6-156D-4D56-8B75-AD5676412BEC}.Release|Any CPU.ActiveCfg = Release|Any CPU
		{C656FAD6-156D-4D56-8B75-AD5676412BEC}.Release|Any CPU.Build.0 = Release|Any CPU
		{C656FAD6-156D-4D56-8B75-AD5676412BEC}.Release|x64.ActiveCfg = Release|Any CPU
		{C656FAD6-156D-4D56-8B75-AD5676412BEC}.Release|x64.Build.0 = Release|Any CPU
		{C656FAD6-156D-4D56-8B75-AD5676412BEC}.Release|x86.ActiveCfg = Release|Any CPU
		{C656FAD6-156D-4D56-8B75-AD5676412BEC}.Release|x86.Build.0 = Release|Any CPU
		{A51E5371-39CE-4352-8C3D-E23EF15BF5F3}.Debug|Any CPU.ActiveCfg = Debug|Any CPU
		{A51E5371-39CE-4352-8C3D-E23EF15BF5F3}.Debug|Any CPU.Build.0 = Debug|Any CPU
		{A51E5371-39CE-4352-8C3D-E23EF15BF5F3}.Debug|x64.ActiveCfg = Debug|Any CPU
		{A51E5371-39CE-4352-8C3D-E23EF15BF5F3}.Debug|x64.Build.0 = Debug|Any CPU
		{A51E5371-39CE-4352-8C3D-E23EF15BF5F3}.Debug|x86.ActiveCfg = Debug|Any CPU
		{A51E5371-39CE-4352-8C3D-E23EF15BF5F3}.Debug|x86.Build.0 = Debug|Any CPU
		{A51E5371-39CE-4352-8C3D-E23EF15BF5F3}.Release|Any CPU.ActiveCfg = Release|Any CPU
		{A51E5371-39CE-4352-8C3D-E23EF15BF5F3}.Release|Any CPU.Build.0 = Release|Any CPU
		{A51E5371-39CE-4352-8C3D-E23EF15BF5F3}.Release|x64.ActiveCfg = Release|Any CPU
		{A51E5371-39CE-4352-8C3D-E23EF15BF5F3}.Release|x64.Build.0 = Release|Any CPU
		{A51E5371-39CE-4352-8C3D-E23EF15BF5F3}.Release|x86.ActiveCfg = Release|Any CPU
		{A51E5371-39CE-4352-8C3D-E23EF15BF5F3}.Release|x86.Build.0 = Release|Any CPU
		{3B9A430A-254D-4DA9-8DB7-5312FB736F91}.Debug|Any CPU.ActiveCfg = Debug|Any CPU
		{3B9A430A-254D-4DA9-8DB7-5312FB736F91}.Debug|Any CPU.Build.0 = Debug|Any CPU
		{3B9A430A-254D-4DA9-8DB7-5312FB736F91}.Debug|x64.ActiveCfg = Debug|Any CPU
		{3B9A430A-254D-4DA9-8DB7-5312FB736F91}.Debug|x64.Build.0 = Debug|Any CPU
		{3B9A430A-254D-4DA9-8DB7-5312FB736F91}.Debug|x86.ActiveCfg = Debug|Any CPU
		{3B9A430A-254D-4DA9-8DB7-5312FB736F91}.Debug|x86.Build.0 = Debug|Any CPU
		{3B9A430A-254D-4DA9-8DB7-5312FB736F91}.Release|Any CPU.ActiveCfg = Release|Any CPU
		{3B9A430A-254D-4DA9-8DB7-5312FB736F91}.Release|Any CPU.Build.0 = Release|Any CPU
		{3B9A430A-254D-4DA9-8DB7-5312FB736F91}.Release|x64.ActiveCfg = Release|Any CPU
		{3B9A430A-254D-4DA9-8DB7-5312FB736F91}.Release|x64.Build.0 = Release|Any CPU
		{3B9A430A-254D-4DA9-8DB7-5312FB736F91}.Release|x86.ActiveCfg = Release|Any CPU
		{3B9A430A-254D-4DA9-8DB7-5312FB736F91}.Release|x86.Build.0 = Release|Any CPU
		{3C7A44D2-BADE-4D2E-9CBF-66320AC29643}.Debug|Any CPU.ActiveCfg = Debug|Any CPU
		{3C7A44D2-BADE-4D2E-9CBF-66320AC29643}.Debug|Any CPU.Build.0 = Debug|Any CPU
		{3C7A44D2-BADE-4D2E-9CBF-66320AC29643}.Debug|x64.ActiveCfg = Debug|Any CPU
		{3C7A44D2-BADE-4D2E-9CBF-66320AC29643}.Debug|x64.Build.0 = Debug|Any CPU
		{3C7A44D2-BADE-4D2E-9CBF-66320AC29643}.Debug|x86.ActiveCfg = Debug|Any CPU
		{3C7A44D2-BADE-4D2E-9CBF-66320AC29643}.Debug|x86.Build.0 = Debug|Any CPU
		{3C7A44D2-BADE-4D2E-9CBF-66320AC29643}.Release|Any CPU.ActiveCfg = Release|Any CPU
		{3C7A44D2-BADE-4D2E-9CBF-66320AC29643}.Release|Any CPU.Build.0 = Release|Any CPU
		{3C7A44D2-BADE-4D2E-9CBF-66320AC29643}.Release|x64.ActiveCfg = Release|Any CPU
		{3C7A44D2-BADE-4D2E-9CBF-66320AC29643}.Release|x64.Build.0 = Release|Any CPU
		{3C7A44D2-BADE-4D2E-9CBF-66320AC29643}.Release|x86.ActiveCfg = Release|Any CPU
		{3C7A44D2-BADE-4D2E-9CBF-66320AC29643}.Release|x86.Build.0 = Release|Any CPU
		{C2558AE2-0C14-4594-81F2-44E0E2480EA1}.Debug|Any CPU.ActiveCfg = Debug|Any CPU
		{C2558AE2-0C14-4594-81F2-44E0E2480EA1}.Debug|Any CPU.Build.0 = Debug|Any CPU
		{C2558AE2-0C14-4594-81F2-44E0E2480EA1}.Debug|x64.ActiveCfg = Debug|Any CPU
		{C2558AE2-0C14-4594-81F2-44E0E2480EA1}.Debug|x64.Build.0 = Debug|Any CPU
		{C2558AE2-0C14-4594-81F2-44E0E2480EA1}.Debug|x86.ActiveCfg = Debug|Any CPU
		{C2558AE2-0C14-4594-81F2-44E0E2480EA1}.Debug|x86.Build.0 = Debug|Any CPU
		{C2558AE2-0C14-4594-81F2-44E0E2480EA1}.Release|Any CPU.ActiveCfg = Release|Any CPU
		{C2558AE2-0C14-4594-81F2-44E0E2480EA1}.Release|Any CPU.Build.0 = Release|Any CPU
		{C2558AE2-0C14-4594-81F2-44E0E2480EA1}.Release|x64.ActiveCfg = Release|Any CPU
		{C2558AE2-0C14-4594-81F2-44E0E2480EA1}.Release|x64.Build.0 = Release|Any CPU
		{C2558AE2-0C14-4594-81F2-44E0E2480EA1}.Release|x86.ActiveCfg = Release|Any CPU
		{C2558AE2-0C14-4594-81F2-44E0E2480EA1}.Release|x86.Build.0 = Release|Any CPU
		{DF2ECE40-9C9B-4430-94E0-F755580DFD9F}.Debug|Any CPU.ActiveCfg = Debug|Any CPU
		{DF2ECE40-9C9B-4430-94E0-F755580DFD9F}.Debug|Any CPU.Build.0 = Debug|Any CPU
		{DF2ECE40-9C9B-4430-94E0-F755580DFD9F}.Debug|x64.ActiveCfg = Debug|Any CPU
		{DF2ECE40-9C9B-4430-94E0-F755580DFD9F}.Debug|x64.Build.0 = Debug|Any CPU
		{DF2ECE40-9C9B-4430-94E0-F755580DFD9F}.Debug|x86.ActiveCfg = Debug|Any CPU
		{DF2ECE40-9C9B-4430-94E0-F755580DFD9F}.Debug|x86.Build.0 = Debug|Any CPU
		{DF2ECE40-9C9B-4430-94E0-F755580DFD9F}.Release|Any CPU.ActiveCfg = Release|Any CPU
		{DF2ECE40-9C9B-4430-94E0-F755580DFD9F}.Release|Any CPU.Build.0 = Release|Any CPU
		{DF2ECE40-9C9B-4430-94E0-F755580DFD9F}.Release|x64.ActiveCfg = Release|Any CPU
		{DF2ECE40-9C9B-4430-94E0-F755580DFD9F}.Release|x64.Build.0 = Release|Any CPU
		{DF2ECE40-9C9B-4430-94E0-F755580DFD9F}.Release|x86.ActiveCfg = Release|Any CPU
		{DF2ECE40-9C9B-4430-94E0-F755580DFD9F}.Release|x86.Build.0 = Release|Any CPU
		{C4BF0785-81BA-4D07-BCAD-5A3F7C00A83C}.Debug|Any CPU.ActiveCfg = Debug|Any CPU
		{C4BF0785-81BA-4D07-BCAD-5A3F7C00A83C}.Debug|Any CPU.Build.0 = Debug|Any CPU
		{C4BF0785-81BA-4D07-BCAD-5A3F7C00A83C}.Debug|x64.ActiveCfg = Debug|Any CPU
		{C4BF0785-81BA-4D07-BCAD-5A3F7C00A83C}.Debug|x64.Build.0 = Debug|Any CPU
		{C4BF0785-81BA-4D07-BCAD-5A3F7C00A83C}.Debug|x86.ActiveCfg = Debug|Any CPU
		{C4BF0785-81BA-4D07-BCAD-5A3F7C00A83C}.Debug|x86.Build.0 = Debug|Any CPU
		{C4BF0785-81BA-4D07-BCAD-5A3F7C00A83C}.Release|Any CPU.ActiveCfg = Release|Any CPU
		{C4BF0785-81BA-4D07-BCAD-5A3F7C00A83C}.Release|Any CPU.Build.0 = Release|Any CPU
		{C4BF0785-81BA-4D07-BCAD-5A3F7C00A83C}.Release|x64.ActiveCfg = Release|Any CPU
		{C4BF0785-81BA-4D07-BCAD-5A3F7C00A83C}.Release|x64.Build.0 = Release|Any CPU
		{C4BF0785-81BA-4D07-BCAD-5A3F7C00A83C}.Release|x86.ActiveCfg = Release|Any CPU
		{C4BF0785-81BA-4D07-BCAD-5A3F7C00A83C}.Release|x86.Build.0 = Release|Any CPU
		{6940AA7C-1620-406A-87E4-B01D1DAAC332}.Debug|Any CPU.ActiveCfg = Debug|Any CPU
		{6940AA7C-1620-406A-87E4-B01D1DAAC332}.Debug|Any CPU.Build.0 = Debug|Any CPU
		{6940AA7C-1620-406A-87E4-B01D1DAAC332}.Debug|x64.ActiveCfg = Debug|Any CPU
		{6940AA7C-1620-406A-87E4-B01D1DAAC332}.Debug|x64.Build.0 = Debug|Any CPU
		{6940AA7C-1620-406A-87E4-B01D1DAAC332}.Debug|x86.ActiveCfg = Debug|Any CPU
		{6940AA7C-1620-406A-87E4-B01D1DAAC332}.Debug|x86.Build.0 = Debug|Any CPU
		{6940AA7C-1620-406A-87E4-B01D1DAAC332}.Release|Any CPU.ActiveCfg = Release|Any CPU
		{6940AA7C-1620-406A-87E4-B01D1DAAC332}.Release|Any CPU.Build.0 = Release|Any CPU
		{6940AA7C-1620-406A-87E4-B01D1DAAC332}.Release|x64.ActiveCfg = Release|Any CPU
		{6940AA7C-1620-406A-87E4-B01D1DAAC332}.Release|x64.Build.0 = Release|Any CPU
		{6940AA7C-1620-406A-87E4-B01D1DAAC332}.Release|x86.ActiveCfg = Release|Any CPU
		{6940AA7C-1620-406A-87E4-B01D1DAAC332}.Release|x86.Build.0 = Release|Any CPU
		{D8C64FD7-E233-4F0F-8079-B4C17A9A59B6}.Debug|Any CPU.ActiveCfg = Debug|Any CPU
		{D8C64FD7-E233-4F0F-8079-B4C17A9A59B6}.Debug|Any CPU.Build.0 = Debug|Any CPU
		{D8C64FD7-E233-4F0F-8079-B4C17A9A59B6}.Debug|x64.ActiveCfg = Debug|Any CPU
		{D8C64FD7-E233-4F0F-8079-B4C17A9A59B6}.Debug|x64.Build.0 = Debug|Any CPU
		{D8C64FD7-E233-4F0F-8079-B4C17A9A59B6}.Debug|x86.ActiveCfg = Debug|Any CPU
		{D8C64FD7-E233-4F0F-8079-B4C17A9A59B6}.Debug|x86.Build.0 = Debug|Any CPU
		{D8C64FD7-E233-4F0F-8079-B4C17A9A59B6}.Release|Any CPU.ActiveCfg = Release|Any CPU
		{D8C64FD7-E233-4F0F-8079-B4C17A9A59B6}.Release|Any CPU.Build.0 = Release|Any CPU
		{D8C64FD7-E233-4F0F-8079-B4C17A9A59B6}.Release|x64.ActiveCfg = Release|Any CPU
		{D8C64FD7-E233-4F0F-8079-B4C17A9A59B6}.Release|x64.Build.0 = Release|Any CPU
		{D8C64FD7-E233-4F0F-8079-B4C17A9A59B6}.Release|x86.ActiveCfg = Release|Any CPU
		{D8C64FD7-E233-4F0F-8079-B4C17A9A59B6}.Release|x86.Build.0 = Release|Any CPU
		{A6169F82-4B1A-4279-BD18-A37C64A7B4D9}.Debug|Any CPU.ActiveCfg = Debug|Any CPU
		{A6169F82-4B1A-4279-BD18-A37C64A7B4D9}.Debug|Any CPU.Build.0 = Debug|Any CPU
		{A6169F82-4B1A-4279-BD18-A37C64A7B4D9}.Debug|x64.ActiveCfg = Debug|Any CPU
		{A6169F82-4B1A-4279-BD18-A37C64A7B4D9}.Debug|x64.Build.0 = Debug|Any CPU
		{A6169F82-4B1A-4279-BD18-A37C64A7B4D9}.Debug|x86.ActiveCfg = Debug|Any CPU
		{A6169F82-4B1A-4279-BD18-A37C64A7B4D9}.Debug|x86.Build.0 = Debug|Any CPU
		{A6169F82-4B1A-4279-BD18-A37C64A7B4D9}.Release|Any CPU.ActiveCfg = Release|Any CPU
		{A6169F82-4B1A-4279-BD18-A37C64A7B4D9}.Release|Any CPU.Build.0 = Release|Any CPU
		{A6169F82-4B1A-4279-BD18-A37C64A7B4D9}.Release|x64.ActiveCfg = Release|Any CPU
		{A6169F82-4B1A-4279-BD18-A37C64A7B4D9}.Release|x64.Build.0 = Release|Any CPU
		{A6169F82-4B1A-4279-BD18-A37C64A7B4D9}.Release|x86.ActiveCfg = Release|Any CPU
		{A6169F82-4B1A-4279-BD18-A37C64A7B4D9}.Release|x86.Build.0 = Release|Any CPU
		{16FC4736-7085-418A-A95E-662C37A5ED55}.Debug|Any CPU.ActiveCfg = Debug|Any CPU
		{16FC4736-7085-418A-A95E-662C37A5ED55}.Debug|Any CPU.Build.0 = Debug|Any CPU
		{16FC4736-7085-418A-A95E-662C37A5ED55}.Debug|x64.ActiveCfg = Debug|Any CPU
		{16FC4736-7085-418A-A95E-662C37A5ED55}.Debug|x64.Build.0 = Debug|Any CPU
		{16FC4736-7085-418A-A95E-662C37A5ED55}.Debug|x86.ActiveCfg = Debug|Any CPU
		{16FC4736-7085-418A-A95E-662C37A5ED55}.Debug|x86.Build.0 = Debug|Any CPU
		{16FC4736-7085-418A-A95E-662C37A5ED55}.Release|Any CPU.ActiveCfg = Release|Any CPU
		{16FC4736-7085-418A-A95E-662C37A5ED55}.Release|Any CPU.Build.0 = Release|Any CPU
		{16FC4736-7085-418A-A95E-662C37A5ED55}.Release|x64.ActiveCfg = Release|Any CPU
		{16FC4736-7085-418A-A95E-662C37A5ED55}.Release|x64.Build.0 = Release|Any CPU
		{16FC4736-7085-418A-A95E-662C37A5ED55}.Release|x86.ActiveCfg = Release|Any CPU
		{16FC4736-7085-418A-A95E-662C37A5ED55}.Release|x86.Build.0 = Release|Any CPU
		{05C49A2C-C1ED-4E59-87FD-E42504819A44}.Debug|Any CPU.ActiveCfg = Debug|Any CPU
		{05C49A2C-C1ED-4E59-87FD-E42504819A44}.Debug|Any CPU.Build.0 = Debug|Any CPU
		{05C49A2C-C1ED-4E59-87FD-E42504819A44}.Debug|x64.ActiveCfg = Debug|Any CPU
		{05C49A2C-C1ED-4E59-87FD-E42504819A44}.Debug|x64.Build.0 = Debug|Any CPU
		{05C49A2C-C1ED-4E59-87FD-E42504819A44}.Debug|x86.ActiveCfg = Debug|Any CPU
		{05C49A2C-C1ED-4E59-87FD-E42504819A44}.Debug|x86.Build.0 = Debug|Any CPU
		{05C49A2C-C1ED-4E59-87FD-E42504819A44}.Release|Any CPU.ActiveCfg = Release|Any CPU
		{05C49A2C-C1ED-4E59-87FD-E42504819A44}.Release|Any CPU.Build.0 = Release|Any CPU
		{05C49A2C-C1ED-4E59-87FD-E42504819A44}.Release|x64.ActiveCfg = Release|Any CPU
		{05C49A2C-C1ED-4E59-87FD-E42504819A44}.Release|x64.Build.0 = Release|Any CPU
		{05C49A2C-C1ED-4E59-87FD-E42504819A44}.Release|x86.ActiveCfg = Release|Any CPU
		{05C49A2C-C1ED-4E59-87FD-E42504819A44}.Release|x86.Build.0 = Release|Any CPU
		{5833232C-93DE-4A41-AC31-CC3C711BDAD4}.Debug|Any CPU.ActiveCfg = Debug|Any CPU
		{5833232C-93DE-4A41-AC31-CC3C711BDAD4}.Debug|Any CPU.Build.0 = Debug|Any CPU
		{5833232C-93DE-4A41-AC31-CC3C711BDAD4}.Debug|x64.ActiveCfg = Debug|Any CPU
		{5833232C-93DE-4A41-AC31-CC3C711BDAD4}.Debug|x64.Build.0 = Debug|Any CPU
		{5833232C-93DE-4A41-AC31-CC3C711BDAD4}.Debug|x86.ActiveCfg = Debug|Any CPU
		{5833232C-93DE-4A41-AC31-CC3C711BDAD4}.Debug|x86.Build.0 = Debug|Any CPU
		{5833232C-93DE-4A41-AC31-CC3C711BDAD4}.Release|Any CPU.ActiveCfg = Release|Any CPU
		{5833232C-93DE-4A41-AC31-CC3C711BDAD4}.Release|Any CPU.Build.0 = Release|Any CPU
		{5833232C-93DE-4A41-AC31-CC3C711BDAD4}.Release|x64.ActiveCfg = Release|Any CPU
		{5833232C-93DE-4A41-AC31-CC3C711BDAD4}.Release|x64.Build.0 = Release|Any CPU
		{5833232C-93DE-4A41-AC31-CC3C711BDAD4}.Release|x86.ActiveCfg = Release|Any CPU
		{5833232C-93DE-4A41-AC31-CC3C711BDAD4}.Release|x86.Build.0 = Release|Any CPU
	EndGlobalSection
	GlobalSection(SolutionProperties) = preSolution
		HideSolutionNode = FALSE
	EndGlobalSection
	GlobalSection(NestedProjects) = preSolution
		{6940AA7C-1620-406A-87E4-B01D1DAAC332} = {0AB3BF05-4346-4AA6-1389-037BE0695223}
		{D8C64FD7-E233-4F0F-8079-B4C17A9A59B6} = {0AB3BF05-4346-4AA6-1389-037BE0695223}
		{A6169F82-4B1A-4279-BD18-A37C64A7B4D9} = {0AB3BF05-4346-4AA6-1389-037BE0695223}
		{16FC4736-7085-418A-A95E-662C37A5ED55} = {0AB3BF05-4346-4AA6-1389-037BE0695223}
		{5833232C-93DE-4A41-AC31-CC3C711BDAD4} = {0AB3BF05-4346-4AA6-1389-037BE0695223}
	EndGlobalSection
EndGlobal
